// !$*UTF8*$!
{
	archiveVersion = 1;
	classes = {
	};
	objectVersion = 48;
	objects = {

/* Begin PBXBuildFile section */
		26C017C8207E4A160094C2EC /* AppDelegate.swift in Sources */ = {isa = PBXBuildFile; fileRef = 26C017C7207E4A160094C2EC /* AppDelegate.swift */; };
		26C017CA207E4A160094C2EC /* ViewController.swift in Sources */ = {isa = PBXBuildFile; fileRef = 26C017C9207E4A160094C2EC /* ViewController.swift */; };
		26C017CD207E4A160094C2EC /* Main.storyboard in Resources */ = {isa = PBXBuildFile; fileRef = 26C017CB207E4A160094C2EC /* Main.storyboard */; };
		26C017CF207E4A160094C2EC /* Assets.xcassets in Resources */ = {isa = PBXBuildFile; fileRef = 26C017CE207E4A160094C2EC /* Assets.xcassets */; };
		26C017D2207E4A160094C2EC /* LaunchScreen.storyboard in Resources */ = {isa = PBXBuildFile; fileRef = 26C017D0207E4A160094C2EC /* LaunchScreen.storyboard */; };
		26C017DD207E4A160094C2EC /* PhotoMasterTests.swift in Sources */ = {isa = PBXBuildFile; fileRef = 26C017DC207E4A160094C2EC /* PhotoMasterTests.swift */; };
		26C017E8207E4A160094C2EC /* PhotoMasterUITests.swift in Sources */ = {isa = PBXBuildFile; fileRef = 26C017E7207E4A160094C2EC /* PhotoMasterUITests.swift */; };
		26C017F6207E790B0094C2EC /* PAK85_azayakanairo20141206093648_TP_V.jpg in Resources */ = {isa = PBXBuildFile; fileRef = 26C017F5207E790A0094C2EC /* PAK85_azayakanairo20141206093648_TP_V.jpg */; };
/* End PBXBuildFile section */

/* Begin PBXContainerItemProxy section */
		26C017D9207E4A160094C2EC /* PBXContainerItemProxy */ = {
			isa = PBXContainerItemProxy;
			containerPortal = 26C017BC207E4A150094C2EC /* Project object */;
			proxyType = 1;
			remoteGlobalIDString = 26C017C3207E4A150094C2EC;
			remoteInfo = PhotoMaster;
		};
		26C017E4207E4A160094C2EC /* PBXContainerItemProxy */ = {
			isa = PBXContainerItemProxy;
			containerPortal = 26C017BC207E4A150094C2EC /* Project object */;
			proxyType = 1;
			remoteGlobalIDString = 26C017C3207E4A150094C2EC;
			remoteInfo = PhotoMaster;
		};
/* End PBXContainerItemProxy section */

/* Begin PBXFileReference section */
		26C017C4207E4A150094C2EC /* PhotoMaster.app */ = {isa = PBXFileReference; explicitFileType = wrapper.application; includeInIndex = 0; path = PhotoMaster.app; sourceTree = BUILT_PRODUCTS_DIR; };
		26C017C7207E4A160094C2EC /* AppDelegate.swift */ = {isa = PBXFileReference; lastKnownFileType = sourcecode.swift; path = AppDelegate.swift; sourceTree = "<group>"; };
		26C017C9207E4A160094C2EC /* ViewController.swift */ = {isa = PBXFileReference; lastKnownFileType = sourcecode.swift; path = ViewController.swift; sourceTree = "<group>"; };
		26C017CC207E4A160094C2EC /* Base */ = {isa = PBXFileReference; lastKnownFileType = file.storyboard; name = Base; path = Base.lproj/Main.storyboard; sourceTree = "<group>"; };
		26C017CE207E4A160094C2EC /* Assets.xcassets */ = {isa = PBXFileReference; lastKnownFileType = folder.assetcatalog; path = Assets.xcassets; sourceTree = "<group>"; };
		26C017D1207E4A160094C2EC /* Base */ = {isa = PBXFileReference; lastKnownFileType = file.storyboard; name = Base; path = Base.lproj/LaunchScreen.storyboard; sourceTree = "<group>"; };
		26C017D3207E4A160094C2EC /* Info.plist */ = {isa = PBXFileReference; lastKnownFileType = text.plist.xml; path = Info.plist; sourceTree = "<group>"; };
		26C017D8207E4A160094C2EC /* PhotoMasterTests.xctest */ = {isa = PBXFileReference; explicitFileType = wrapper.cfbundle; includeInIndex = 0; path = PhotoMasterTests.xctest; sourceTree = BUILT_PRODUCTS_DIR; };
		26C017DC207E4A160094C2EC /* PhotoMasterTests.swift */ = {isa = PBXFileReference; lastKnownFileType = sourcecode.swift; path = PhotoMasterTests.swift; sourceTree = "<group>"; };
		26C017DE207E4A160094C2EC /* Info.plist */ = {isa = PBXFileReference; lastKnownFileType = text.plist.xml; path = Info.plist; sourceTree = "<group>"; };
		26C017E3207E4A160094C2EC /* PhotoMasterUITests.xctest */ = {isa = PBXFileReference; explicitFileType = wrapper.cfbundle; includeInIndex = 0; path = PhotoMasterUITests.xctest; sourceTree = BUILT_PRODUCTS_DIR; };
		26C017E7207E4A160094C2EC /* PhotoMasterUITests.swift */ = {isa = PBXFileReference; lastKnownFileType = sourcecode.swift; path = PhotoMasterUITests.swift; sourceTree = "<group>"; };
		26C017E9207E4A160094C2EC /* Info.plist */ = {isa = PBXFileReference; lastKnownFileType = text.plist.xml; path = Info.plist; sourceTree = "<group>"; };
		26C017F5207E790A0094C2EC /* PAK85_azayakanairo20141206093648_TP_V.jpg */ = {isa = PBXFileReference; lastKnownFileType = image.jpeg; path = PAK85_azayakanairo20141206093648_TP_V.jpg; sourceTree = "<group>"; };
/* End PBXFileReference section */

/* Begin PBXFrameworksBuildPhase section */
		26C017C1207E4A150094C2EC /* Frameworks */ = {
			isa = PBXFrameworksBuildPhase;
			buildActionMask = 2147483647;
			files = (
			);
			runOnlyForDeploymentPostprocessing = 0;
		};
		26C017D5207E4A160094C2EC /* Frameworks */ = {
			isa = PBXFrameworksBuildPhase;
			buildActionMask = 2147483647;
			files = (
			);
			runOnlyForDeploymentPostprocessing = 0;
		};
		26C017E0207E4A160094C2EC /* Frameworks */ = {
			isa = PBXFrameworksBuildPhase;
			buildActionMask = 2147483647;
			files = (
			);
			runOnlyForDeploymentPostprocessing = 0;
		};
/* End PBXFrameworksBuildPhase section */

/* Begin PBXGroup section */
		26C017BB207E4A150094C2EC = {
			isa = PBXGroup;
			children = (
				26C017C6207E4A150094C2EC /* PhotoMaster */,
				26C017DB207E4A160094C2EC /* PhotoMasterTests */,
				26C017E6207E4A160094C2EC /* PhotoMasterUITests */,
				26C017C5207E4A150094C2EC /* Products */,
			);
			sourceTree = "<group>";
		};
		26C017C5207E4A150094C2EC /* Products */ = {
			isa = PBXGroup;
			children = (
				26C017C4207E4A150094C2EC /* PhotoMaster.app */,
				26C017D8207E4A160094C2EC /* PhotoMasterTests.xctest */,
				26C017E3207E4A160094C2EC /* PhotoMasterUITests.xctest */,
			);
			name = Products;
			sourceTree = "<group>";
		};
		26C017C6207E4A150094C2EC /* PhotoMaster */ = {
			isa = PBXGroup;
			children = (
				26C017C7207E4A160094C2EC /* AppDelegate.swift */,
				26C017C9207E4A160094C2EC /* ViewController.swift */,
				26C017CB207E4A160094C2EC /* Main.storyboard */,
				26C017CE207E4A160094C2EC /* Assets.xcassets */,
				26C017D0207E4A160094C2EC /* LaunchScreen.storyboard */,
				26C017D3207E4A160094C2EC /* Info.plist */,
				26C017F5207E790A0094C2EC /* PAK85_azayakanairo20141206093648_TP_V.jpg */,
			);
			path = PhotoMaster;
			sourceTree = "<group>";
		};
		26C017DB207E4A160094C2EC /* PhotoMasterTests */ = {
			isa = PBXGroup;
			children = (
				26C017DC207E4A160094C2EC /* PhotoMasterTests.swift */,
				26C017DE207E4A160094C2EC /* Info.plist */,
			);
			path = PhotoMasterTests;
			sourceTree = "<group>";
		};
		26C017E6207E4A160094C2EC /* PhotoMasterUITests */ = {
			isa = PBXGroup;
			children = (
				26C017E7207E4A160094C2EC /* PhotoMasterUITests.swift */,
				26C017E9207E4A160094C2EC /* Info.plist */,
			);
			path = PhotoMasterUITests;
			sourceTree = "<group>";
		};
/* End PBXGroup section */

/* Begin PBXNativeTarget section */
		26C017C3207E4A150094C2EC /* PhotoMaster */ = {
			isa = PBXNativeTarget;
			buildConfigurationList = 26C017EC207E4A160094C2EC /* Build configuration list for PBXNativeTarget "PhotoMaster" */;
			buildPhases = (
				26C017C0207E4A150094C2EC /* Sources */,
				26C017C1207E4A150094C2EC /* Frameworks */,
				26C017C2207E4A150094C2EC /* Resources */,
			);
			buildRules = (
			);
			dependencies = (
			);
			name = PhotoMaster;
			productName = PhotoMaster;
			productReference = 26C017C4207E4A150094C2EC /* PhotoMaster.app */;
			productType = "com.apple.product-type.application";
		};
		26C017D7207E4A160094C2EC /* PhotoMasterTests */ = {
			isa = PBXNativeTarget;
			buildConfigurationList = 26C017EF207E4A160094C2EC /* Build configuration list for PBXNativeTarget "PhotoMasterTests" */;
			buildPhases = (
				26C017D4207E4A160094C2EC /* Sources */,
				26C017D5207E4A160094C2EC /* Frameworks */,
				26C017D6207E4A160094C2EC /* Resources */,
			);
			buildRules = (
			);
			dependencies = (
				26C017DA207E4A160094C2EC /* PBXTargetDependency */,
			);
			name = PhotoMasterTests;
			productName = PhotoMasterTests;
			productReference = 26C017D8207E4A160094C2EC /* PhotoMasterTests.xctest */;
			productType = "com.apple.product-type.bundle.unit-test";
		};
		26C017E2207E4A160094C2EC /* PhotoMasterUITests */ = {
			isa = PBXNativeTarget;
			buildConfigurationList = 26C017F2207E4A160094C2EC /* Build configuration list for PBXNativeTarget "PhotoMasterUITests" */;
			buildPhases = (
				26C017DF207E4A160094C2EC /* Sources */,
				26C017E0207E4A160094C2EC /* Frameworks */,
				26C017E1207E4A160094C2EC /* Resources */,
			);
			buildRules = (
			);
			dependencies = (
				26C017E5207E4A160094C2EC /* PBXTargetDependency */,
			);
			name = PhotoMasterUITests;
			productName = PhotoMasterUITests;
			productReference = 26C017E3207E4A160094C2EC /* PhotoMasterUITests.xctest */;
			productType = "com.apple.product-type.bundle.ui-testing";
		};
/* End PBXNativeTarget section */

/* Begin PBXProject section */
		26C017BC207E4A150094C2EC /* Project object */ = {
			isa = PBXProject;
			attributes = {
				LastSwiftUpdateCheck = 0920;
				LastUpgradeCheck = 0920;
				ORGANIZATIONNAME = RioYoshikawa;
				TargetAttributes = {
					26C017C3207E4A150094C2EC = {
						CreatedOnToolsVersion = 9.2;
						ProvisioningStyle = Automatic;
					};
					26C017D7207E4A160094C2EC = {
						CreatedOnToolsVersion = 9.2;
						ProvisioningStyle = Automatic;
						TestTargetID = 26C017C3207E4A150094C2EC;
					};
					26C017E2207E4A160094C2EC = {
						CreatedOnToolsVersion = 9.2;
						ProvisioningStyle = Automatic;
						TestTargetID = 26C017C3207E4A150094C2EC;
					};
				};
			};
			buildConfigurationList = 26C017BF207E4A150094C2EC /* Build configuration list for PBXProject "PhotoMaster" */;
			compatibilityVersion = "Xcode 8.0";
			developmentRegion = en;
			hasScannedForEncodings = 0;
			knownRegions = (
				en,
				Base,
			);
			mainGroup = 26C017BB207E4A150094C2EC;
			productRefGroup = 26C017C5207E4A150094C2EC /* Products */;
			projectDirPath = "";
			projectRoot = "";
			targets = (
				26C017C3207E4A150094C2EC /* PhotoMaster */,
				26C017D7207E4A160094C2EC /* PhotoMasterTests */,
				26C017E2207E4A160094C2EC /* PhotoMasterUITests */,
			);
		};
/* End PBXProject section */

/* Begin PBXResourcesBuildPhase section */
		26C017C2207E4A150094C2EC /* Resources */ = {
			isa = PBXResourcesBuildPhase;
			buildActionMask = 2147483647;
			files = (
				26C017D2207E4A160094C2EC /* LaunchScreen.storyboard in Resources */,
				26C017F6207E790B0094C2EC /* PAK85_azayakanairo20141206093648_TP_V.jpg in Resources */,
				26C017CF207E4A160094C2EC /* Assets.xcassets in Resources */,
				26C017CD207E4A160094C2EC /* Main.storyboard in Resources */,
			);
			runOnlyForDeploymentPostprocessing = 0;
		};
		26C017D6207E4A160094C2EC /* Resources */ = {
			isa = PBXResourcesBuildPhase;
			buildActionMask = 2147483647;
			files = (
			);
			runOnlyForDeploymentPostprocessing = 0;
		};
		26C017E1207E4A160094C2EC /* Resources */ = {
			isa = PBXResourcesBuildPhase;
			buildActionMask = 2147483647;
			files = (
			);
			runOnlyForDeploymentPostprocessing = 0;
		};
/* End PBXResourcesBuildPhase section */

/* Begin PBXSourcesBuildPhase section */
		26C017C0207E4A150094C2EC /* Sources */ = {
			isa = PBXSourcesBuildPhase;
			buildActionMask = 2147483647;
			files = (
				26C017CA207E4A160094C2EC /* ViewController.swift in Sources */,
				26C017C8207E4A160094C2EC /* AppDelegate.swift in Sources */,
			);
			runOnlyForDeploymentPostprocessing = 0;
		};
		26C017D4207E4A160094C2EC /* Sources */ = {
			isa = PBXSourcesBuildPhase;
			buildActionMask = 2147483647;
			files = (
				26C017DD207E4A160094C2EC /* PhotoMasterTests.swift in Sources */,
			);
			runOnlyForDeploymentPostprocessing = 0;
		};
		26C017DF207E4A160094C2EC /* Sources */ = {
			isa = PBXSourcesBuildPhase;
			buildActionMask = 2147483647;
			files = (
				26C017E8207E4A160094C2EC /* PhotoMasterUITests.swift in Sources */,
			);
			runOnlyForDeploymentPostprocessing = 0;
		};
/* End PBXSourcesBuildPhase section */

/* Begin PBXTargetDependency section */
		26C017DA207E4A160094C2EC /* PBXTargetDependency */ = {
			isa = PBXTargetDependency;
			target = 26C017C3207E4A150094C2EC /* PhotoMaster */;
			targetProxy = 26C017D9207E4A160094C2EC /* PBXContainerItemProxy */;
		};
		26C017E5207E4A160094C2EC /* PBXTargetDependency */ = {
			isa = PBXTargetDependency;
			target = 26C017C3207E4A150094C2EC /* PhotoMaster */;
			targetProxy = 26C017E4207E4A160094C2EC /* PBXContainerItemProxy */;
		};
/* End PBXTargetDependency section */

/* Begin PBXVariantGroup section */
		26C017CB207E4A160094C2EC /* Main.storyboard */ = {
			isa = PBXVariantGroup;
			children = (
				26C017CC207E4A160094C2EC /* Base */,
			);
			name = Main.storyboard;
			sourceTree = "<group>";
		};
		26C017D0207E4A160094C2EC /* LaunchScreen.storyboard */ = {
			isa = PBXVariantGroup;
			children = (
				26C017D1207E4A160094C2EC /* Base */,
			);
			name = LaunchScreen.storyboard;
			sourceTree = "<group>";
		};
/* End PBXVariantGroup section */

/* Begin XCBuildConfiguration section */
		26C017EA207E4A160094C2EC /* Debug */ = {
			isa = XCBuildConfiguration;
			buildSettings = {
				ALWAYS_SEARCH_USER_PATHS = NO;
				CLANG_ANALYZER_NONNULL = YES;
				CLANG_ANALYZER_NUMBER_OBJECT_CONVERSION = YES_AGGRESSIVE;
				CLANG_CXX_LANGUAGE_STANDARD = "gnu++14";
				CLANG_CXX_LIBRARY = "libc++";
				CLANG_ENABLE_MODULES = YES;
				CLANG_ENABLE_OBJC_ARC = YES;
				CLANG_WARN_BLOCK_CAPTURE_AUTORELEASING = YES;
				CLANG_WARN_BOOL_CONVERSION = YES;
				CLANG_WARN_COMMA = YES;
				CLANG_WARN_CONSTANT_CONVERSION = YES;
				CLANG_WARN_DIRECT_OBJC_ISA_USAGE = YES_ERROR;
				CLANG_WARN_DOCUMENTATION_COMMENTS = YES;
				CLANG_WARN_EMPTY_BODY = YES;
				CLANG_WARN_ENUM_CONVERSION = YES;
				CLANG_WARN_INFINITE_RECURSION = YES;
				CLANG_WARN_INT_CONVERSION = YES;
				CLANG_WARN_NON_LITERAL_NULL_CONVERSION = YES;
				CLANG_WARN_OBJC_LITERAL_CONVERSION = YES;
				CLANG_WARN_OBJC_ROOT_CLASS = YES_ERROR;
				CLANG_WARN_RANGE_LOOP_ANALYSIS = YES;
				CLANG_WARN_STRICT_PROTOTYPES = YES;
				CLANG_WARN_SUSPICIOUS_MOVE = YES;
				CLANG_WARN_UNGUARDED_AVAILABILITY = YES_AGGRESSIVE;
				CLANG_WARN_UNREACHABLE_CODE = YES;
				CLANG_WARN__DUPLICATE_METHOD_MATCH = YES;
				CODE_SIGN_IDENTITY = "iPhone Developer";
				COPY_PHASE_STRIP = NO;
				DEBUG_INFORMATION_FORMAT = dwarf;
				ENABLE_STRICT_OBJC_MSGSEND = YES;
				ENABLE_TESTABILITY = YES;
				GCC_C_LANGUAGE_STANDARD = gnu11;
				GCC_DYNAMIC_NO_PIC = NO;
				GCC_NO_COMMON_BLOCKS = YES;
				GCC_OPTIMIZATION_LEVEL = 0;
				GCC_PREPROCESSOR_DEFINITIONS = (
					"DEBUG=1",
					"$(inherited)",
				);
				GCC_WARN_64_TO_32_BIT_CONVERSION = YES;
				GCC_WARN_ABOUT_RETURN_TYPE = YES_ERROR;
				GCC_WARN_UNDECLARED_SELECTOR = YES;
				GCC_WARN_UNINITIALIZED_AUTOS = YES_AGGRESSIVE;
				GCC_WARN_UNUSED_FUNCTION = YES;
				GCC_WARN_UNUSED_VARIABLE = YES;
				IPHONEOS_DEPLOYMENT_TARGET = 11.2;
				MTL_ENABLE_DEBUG_INFO = YES;
				ONLY_ACTIVE_ARCH = YES;
				SDKROOT = iphoneos;
				SWIFT_ACTIVE_COMPILATION_CONDITIONS = DEBUG;
				SWIFT_OPTIMIZATION_LEVEL = "-Onone";
			};
			name = Debug;
		};
		26C017EB207E4A160094C2EC /* Release */ = {
			isa = XCBuildConfiguration;
			buildSettings = {
				ALWAYS_SEARCH_USER_PATHS = NO;
				CLANG_ANALYZER_NONNULL = YES;
				CLANG_ANALYZER_NUMBER_OBJECT_CONVERSION = YES_AGGRESSIVE;
				CLANG_CXX_LANGUAGE_STANDARD = "gnu++14";
				CLANG_CXX_LIBRARY = "libc++";
				CLANG_ENABLE_MODULES = YES;
				CLANG_ENABLE_OBJC_ARC = YES;
				CLANG_WARN_BLOCK_CAPTURE_AUTORELEASING = YES;
				CLANG_WARN_BOOL_CONVERSION = YES;
				CLANG_WARN_COMMA = YES;
				CLANG_WARN_CONSTANT_CONVERSION = YES;
				CLANG_WARN_DIRECT_OBJC_ISA_USAGE = YES_ERROR;
				CLANG_WARN_DOCUMENTATION_COMMENTS = YES;
				CLANG_WARN_EMPTY_BODY = YES;
				CLANG_WARN_ENUM_CONVERSION = YES;
				CLANG_WARN_INFINITE_RECURSION = YES;
				CLANG_WARN_INT_CONVERSION = YES;
				CLANG_WARN_NON_LITERAL_NULL_CONVERSION = YES;
				CLANG_WARN_OBJC_LITERAL_CONVERSION = YES;
				CLANG_WARN_OBJC_ROOT_CLASS = YES_ERROR;
				CLANG_WARN_RANGE_LOOP_ANALYSIS = YES;
				CLANG_WARN_STRICT_PROTOTYPES = YES;
				CLANG_WARN_SUSPICIOUS_MOVE = YES;
				CLANG_WARN_UNGUARDED_AVAILABILITY = YES_AGGRESSIVE;
				CLANG_WARN_UNREACHABLE_CODE = YES;
				CLANG_WARN__DUPLICATE_METHOD_MATCH = YES;
				CODE_SIGN_IDENTITY = "iPhone Developer";
				COPY_PHASE_STRIP = NO;
				DEBUG_INFORMATION_FORMAT = "dwarf-with-dsym";
				ENABLE_NS_ASSERTIONS = NO;
				ENABLE_STRICT_OBJC_MSGSEND = YES;
				GCC_C_LANGUAGE_STANDARD = gnu11;
				GCC_NO_COMMON_BLOCKS = YES;
				GCC_WARN_64_TO_32_BIT_CONVERSION = YES;
				GCC_WARN_ABOUT_RETURN_TYPE = YES_ERROR;
				GCC_WARN_UNDECLARED_SELECTOR = YES;
				GCC_WARN_UNINITIALIZED_AUTOS = YES_AGGRESSIVE;
				GCC_WARN_UNUSED_FUNCTION = YES;
				GCC_WARN_UNUSED_VARIABLE = YES;
				IPHONEOS_DEPLOYMENT_TARGET = 11.2;
				MTL_ENABLE_DEBUG_INFO = NO;
				SDKROOT = iphoneos;
				SWIFT_OPTIMIZATION_LEVEL = "-Owholemodule";
				VALIDATE_PRODUCT = YES;
			};
			name = Release;
		};
		26C017ED207E4A160094C2EC /* Debug */ = {
			isa = XCBuildConfiguration;
			buildSettings = {
				ASSETCATALOG_COMPILER_APPICON_NAME = AppIcon;
				CODE_SIGN_STYLE = Automatic;
				INFOPLIST_FILE = PhotoMaster/Info.plist;
				LD_RUNPATH_SEARCH_PATHS = "$(inherited) @executable_path/Frameworks";
				PRODUCT_BUNDLE_IDENTIFIER = chas.PhotoMaster;
				PRODUCT_NAME = "$(TARGET_NAME)";
				SWIFT_VERSION = 4.0;
				TARGETED_DEVICE_FAMILY = "1,2";
			};
			name = Debug;
		};
		26C017EE207E4A160094C2EC /* Release */ = {
			isa = XCBuildConfiguration;
			buildSettings = {
				ASSETCATALOG_COMPILER_APPICON_NAME = AppIcon;
				CODE_SIGN_STYLE = Automatic;
				INFOPLIST_FILE = PhotoMaster/Info.plist;
				LD_RUNPATH_SEARCH_PATHS = "$(inherited) @executable_path/Frameworks";
				PRODUCT_BUNDLE_IDENTIFIER = chas.PhotoMaster;
				PRODUCT_NAME = "$(TARGET_NAME)";
				SWIFT_VERSION = 4.0;
				TARGETED_DEVICE_FAMILY = "1,2";
			};
			name = Release;
		};
		26C017F0207E4A160094C2EC /* Debug */ = {
			isa = XCBuildConfiguration;
			buildSettings = {
				ALWAYS_EMBED_SWIFT_STANDARD_LIBRARIES = YES;
				BUNDLE_LOADER = "$(TEST_HOST)";
				CODE_SIGN_STYLE = Automatic;
				INFOPLIST_FILE = PhotoMasterTests/Info.plist;
				LD_RUNPATH_SEARCH_PATHS = "$(inherited) @executable_path/Frameworks @loader_path/Frameworks";
				PRODUCT_BUNDLE_IDENTIFIER = chas.PhotoMasterTests;
				PRODUCT_NAME = "$(TARGET_NAME)";
				SWIFT_VERSION = 4.0;
				TARGETED_DEVICE_FAMILY = "1,2";
				TEST_HOST = "$(BUILT_PRODUCTS_DIR)/PhotoMaster.app/PhotoMaster";
			};
			name = Debug;
		};
		26C017F1207E4A160094C2EC /* Release */ = {
			isa = XCBuildConfiguration;
			buildSettings = {
				ALWAYS_EMBED_SWIFT_STANDARD_LIBRARIES = YES;
				BUNDLE_LOADER = "$(TEST_HOST)";
				CODE_SIGN_STYLE = Automatic;
				INFOPLIST_FILE = PhotoMasterTests/Info.plist;
				LD_RUNPATH_SEARCH_PATHS = "$(inherited) @executable_path/Frameworks @loader_path/Frameworks";
				PRODUCT_BUNDLE_IDENTIFIER = chas.PhotoMasterTests;
				PRODUCT_NAME = "$(TARGET_NAME)";
				SWIFT_VERSION = 4.0;
				TARGETED_DEVICE_FAMILY = "1,2";
				TEST_HOST = "$(BUILT_PRODUCTS_DIR)/PhotoMaster.app/PhotoMaster";
			};
			name = Release;
		};
		26C017F3207E4A160094C2EC /* Debug */ = {
			isa = XCBuildConfiguration;
			buildSettings = {
				ALWAYS_EMBED_SWIFT_STANDARD_LIBRARIES = YES;
				CODE_SIGN_STYLE = Automatic;
				INFOPLIST_FILE = PhotoMasterUITests/Info.plist;
				LD_RUNPATH_SEARCH_PATHS = "$(inherited) @executable_path/Frameworks @loader_path/Frameworks";
				PRODUCT_BUNDLE_IDENTIFIER = chas.PhotoMasterUITests;
				PRODUCT_NAME = "$(TARGET_NAME)";
				SWIFT_VERSION = 4.0;
				TARGETED_DEVICE_FAMILY = "1,2";
				TEST_TARGET_NAME = PhotoMaster;
			};
			name = Debug;
		};
		26C017F4207E4A160094C2EC /* Release */ = {
			isa = XCBuildConfiguration;
			buildSettings = {
				ALWAYS_EMBED_SWIFT_STANDARD_LIBRARIES = YES;
				CODE_SIGN_STYLE = Automatic;
				INFOPLIST_FILE = PhotoMasterUITests/Info.plist;
				LD_RUNPATH_SEARCH_PATHS = "$(inherited) @executable_path/Frameworks @loader_path/Frameworks";
				PRODUCT_BUNDLE_IDENTIFIER = chas.PhotoMasterUITests;
				PRODUCT_NAME = "$(TARGET_NAME)";
				SWIFT_VERSION = 4.0;
				TARGETED_DEVICE_FAMILY = "1,2";
				TEST_TARGET_NAME = PhotoMaster;
			};
			name = Release;
		};
/* End XCBuildConfiguration section */

/* Begin XCConfigurationList section */
		26C017BF207E4A150094C2EC /* Build configuration list for PBXProject "PhotoMaster" */ = {
			isa = XCConfigurationList;
			buildConfigurations = (
				26C017EA207E4A160094C2EC /* Debug */,
				26C017EB207E4A160094C2EC /* Release */,
			);
			defaultConfigurationIsVisible = 0;
			defaultConfigurationName = Release;
		};
		26C017EC207E4A160094C2EC /* Build configuration list for PBXNativeTarget "PhotoMaster" */ = {
			isa = XCConfigurationList;
			buildConfigurations = (
				26C017ED207E4A160094C2EC /* Debug */,
				26C017EE207E4A160094C2EC /* Release */,
			);
			defaultConfigurationIsVisible = 0;
			defaultConfigurationName = Release;
		};
		26C017EF207E4A160094C2EC /* Build configuration list for PBXNativeTarget "PhotoMasterTests" */ = {
			isa = XCConfigurationList;
			buildConfigurations = (
				26C017F0207E4A160094C2EC /* Debug */,
				26C017F1207E4A160094C2EC /* Release */,
			);
			defaultConfigurationIsVisible = 0;
			defaultConfigurationName = Release;
		};
		26C017F2207E4A160094C2EC /* Build configuration list for PBXNativeTarget "PhotoMasterUITests" */ = {
			isa = XCConfigurationList;
			buildConfigurations = (
				26C017F3207E4A160094C2EC /* Debug */,
				26C017F4207E4A160094C2EC /* Release */,
			);
			defaultConfigurationIsVisible = 0;
			defaultConfigurationName = Release;
		};
/* End XCConfigurationList section */
	};
	rootObject = 26C017BC207E4A150094C2EC /* Project object */;
}
